{
  "nodes": {
    "nixpkgs": {
      "locked": {
        "lastModified": 0,
        "narHash": "sha256-ZHSasdLwEEjSOD/WTW1o7dr3/EjuYsdwYB4NSgICZ2I=",
        "path": "/nix/store/zi50l9z7jjfv92nr6m12czq5qcrrmqdr-source",
        "type": "path"
      },
      "original": {
        "id": "nixpkgs",
        "type": "indirect"
      }
    },
    "root": {
      "inputs": {
        "nixpkgs": "nixpkgs",
        "rust-overlay": "rust-overlay"
      }
    },
    "rust-overlay": {
      "inputs": {
        "nixpkgs": [
          "nixpkgs"
        ]
      },
      "locked": {
        "lastModified": 1743475035,
        "narHash": "sha256-uLjVsb4Rxnp1zmFdPCDmdODd4RY6ETOeRj0IkC0ij/4=",
        "owner": "oxalica",
        "repo": "rust-overlay",
        "rev": "bee11c51c2cda3ac57c9e0149d94b86cc1b00d13",
        "type": "github"
      },
      "original": {
        "owner": "oxalica",
        "repo": "rust-overlay",
        "type": "github"
      }
    }
  },
  "root": "root",
  "version": 7
}
