{
  "nodes": {
    "nixpkgs": {
      "locked": {
        "lastModified": 0,
        "narHash": "sha256-ZHSasdLwEEjSOD/WTW1o7dr3/EjuYsdwYB4NSgICZ2I=",
        "path": "/nix/store/zi50l9z7jjfv92nr6m12czq5qcrrmqdr-source",
        "type": "path"
      },
      "original": {
        "id": "nixpkgs",
        "type": "indirect"
      }
    },
    "root": {
      "inputs": {
        "nixpkgs": "nixpkgs",
        "rust-overlay": "rust-overlay"
      }
    },
    "rust-overlay": {
      "inputs": {
        "nixpkgs": [
          "nixpkgs"
        ]
      },
      "locked": {
        "lastModified": 1743129211,
        "narHash": "sha256-gE8t+U9miTwm2NYWS9dFY8H1/QB4ifaFDq1KdV9KEqo=",
        "owner": "oxalica",
        "repo": "rust-overlay",
        "rev": "f93da1d26ba9963f34f94a6872b67a7939699543",
        "type": "github"
      },
      "original": {
        "owner": "oxalica",
        "repo": "rust-overlay",
        "type": "github"
      }
    }
  },
  "root": "root",
  "version": 7
}
